# THIS IS AN AUTOGENERATED FILE. DO NOT EDIT THIS FILE DIRECTLY.
# yarn lockfile v1


"@types/mkdirp@^0.3.29":
  version "0.3.29"
  resolved "https://registry.yarnpkg.com/@types/mkdirp/-/mkdirp-0.3.29.tgz#7f2ad7ec55f914482fc9b1ec4bb1ae6028d46066"

"@types/node@^6", "@types/node@^6.0.45":
  version "6.0.54"
  resolved "https://registry.yarnpkg.com/@types/node/-/node-6.0.54.tgz#65859962ba988052cbdd5c48881395acfdd46931"

acorn@^1.0.3:
  version "1.2.2"
  resolved "https://registry.yarnpkg.com/acorn/-/acorn-1.2.2.tgz#c8ce27de0acc76d896d2b1fad3df588d9e82f014"

amdefine@>=0.0.4:
  version "1.0.1"
  resolved "https://registry.yarnpkg.com/amdefine/-/amdefine-1.0.1.tgz#4a5282ac164729e93619bcfd3ad151f817ce91f5"

asn1.js@1.0.3:
  version "1.0.3"
  resolved "https://registry.yarnpkg.com/asn1.js/-/asn1.js-1.0.3.tgz#281ba3ec1f2448fe765f92a4eecf883fe1364b54"
  dependencies:
    inherits "^2.0.1"
    minimalistic-assert "^1.0.0"
  optionalDependencies:
    bn.js "^1.0.0"

asn1.js@^4.8.1:
  version "4.9.1"
  resolved "https://registry.yarnpkg.com/asn1.js/-/asn1.js-4.9.1.tgz#48ba240b45a9280e94748990ba597d216617fd40"
  dependencies:
    bn.js "^4.0.0"
    inherits "^2.0.1"
    minimalistic-assert "^1.0.0"

assertion-error@^1.0.1:
  version "1.0.2"
  resolved "https://registry.yarnpkg.com/assertion-error/-/assertion-error-1.0.2.tgz#13ca515d86206da0bac66e834dd397d87581094c"

async@^2.0.1, async@^2.1.2, async@^2.1.4:
  version "2.1.4"
  resolved "https://registry.yarnpkg.com/async/-/async-2.1.4.tgz#2d2160c7788032e4dd6cbe2502f1f9a2c8f6cde4"
  dependencies:
    lodash "^4.14.0"

babel-runtime@^6.18.0:
  version "6.20.0"
  resolved "https://registry.yarnpkg.com/babel-runtime/-/babel-runtime-6.20.0.tgz#87300bdcf4cd770f09bf0048c64204e17806d16f"
  dependencies:
    core-js "^2.4.0"
    regenerator-runtime "^0.10.0"

balanced-match@^0.4.1:
  version "0.4.2"
  resolved "https://registry.yarnpkg.com/balanced-match/-/balanced-match-0.4.2.tgz#cb3f3e3c732dc0f01ee70b403f302e61d7709838"

base-x@^1.1.0:
  version "1.1.0"
  resolved "https://registry.yarnpkg.com/base-x/-/base-x-1.1.0.tgz#42d3d717474f9ea02207f6d1aa1f426913eeb7ac"

base64-js@0.0.8:
  version "0.0.8"
  resolved "https://registry.yarnpkg.com/base64-js/-/base64-js-0.0.8.tgz#1101e9544f4a76b1bc3b26d452ca96d7a35e7978"

"bignumber.js@git+https://github.com/debris/bignumber.js.git#master":
  version "2.0.7"
  resolved "git+https://github.com/debris/bignumber.js.git#94d7146671b9719e00a09c29b01a691bc85048c2"

bl@^1.0.0, bl@^1.1.2:
  version "1.2.0"
  resolved "https://registry.yarnpkg.com/bl/-/bl-1.2.0.tgz#1397e7ec42c5f5dc387470c500e34a9f6be9ea98"
  dependencies:
    readable-stream "^2.0.5"

bluebird@*, bluebird@^3.1.5:
  version "3.4.7"
  resolved "https://registry.yarnpkg.com/bluebird/-/bluebird-3.4.7.tgz#f72d760be09b7f76d08ed8fae98b289a8d05fab3"

bn.js@^1.0.0:
  version "1.3.0"
  resolved "https://registry.yarnpkg.com/bn.js/-/bn.js-1.3.0.tgz#0db4cbf96f8f23b742f5bcb9d1aa7a9994a05e83"

bn.js@^4.0.0:
  version "4.11.6"
  resolved "https://registry.yarnpkg.com/bn.js/-/bn.js-4.11.6.tgz#53344adb14617a13f6e8dd2ce28905d1c0ba3215"

brace-expansion@^1.0.0:
  version "1.1.6"
  resolved "https://registry.yarnpkg.com/brace-expansion/-/brace-expansion-1.1.6.tgz#7197d7eaa9b87e648390ea61fc66c84427420df9"
  dependencies:
    balanced-match "^0.4.1"
    concat-map "0.0.1"

brfs@*, brfs@^1.4.0:
  version "1.4.3"
  resolved "https://registry.yarnpkg.com/brfs/-/brfs-1.4.3.tgz#db675d6f5e923e6df087fca5859c9090aaed3216"
  dependencies:
    quote-stream "^1.0.1"
    resolve "^1.1.5"
    static-module "^1.1.0"
    through2 "^2.0.0"

browserify-aes@^1.0.6:
  version "1.0.6"
  resolved "https://registry.yarnpkg.com/browserify-aes/-/browserify-aes-1.0.6.tgz#5e7725dbdef1fd5930d4ebab48567ce451c48a0a"
  dependencies:
    buffer-xor "^1.0.2"
    cipher-base "^1.0.0"
    create-hash "^1.1.0"
    evp_bytestokey "^1.0.0"
    inherits "^2.0.1"

bs58@^3.0.0, bs58@^3.1.0:
  version "3.1.0"
  resolved "https://registry.yarnpkg.com/bs58/-/bs58-3.1.0.tgz#d4c26388bf4804cac714141b1945aa47e5eb248e"
  dependencies:
    base-x "^1.1.0"

buffer-equal@0.0.1:
  version "0.0.1"
  resolved "https://registry.yarnpkg.com/buffer-equal/-/buffer-equal-0.0.1.tgz#91bc74b11ea405bc916bc6aa908faafa5b4aac4b"

buffer-loader@0.0.1:
  version "0.0.1"
  resolved "https://registry.yarnpkg.com/buffer-loader/-/buffer-loader-0.0.1.tgz#4d677ca92dd889310878b02a2fbcfab712024cf2"

buffer-shims@^1.0.0:
  version "1.0.0"
  resolved "https://registry.yarnpkg.com/buffer-shims/-/buffer-shims-1.0.0.tgz#9978ce317388c649ad8793028c3477ef044a8b51"

buffer-xor@^1.0.2:
  version "1.0.3"
  resolved "https://registry.yarnpkg.com/buffer-xor/-/buffer-xor-1.0.3.tgz#26e61ed1422fb70dd42e6e36729ed51d855fe8d9"

buffer@^3.6.0:
  version "3.6.0"
  resolved "https://registry.yarnpkg.com/buffer/-/buffer-3.6.0.tgz#a72c936f77b96bf52f5f7e7b467180628551defb"
  dependencies:
    base64-js "0.0.8"
    ieee754 "^1.1.4"
    isarray "^1.0.0"

builtin-status-codes@^2.0.0:
  version "2.0.0"
  resolved "https://registry.yarnpkg.com/builtin-status-codes/-/builtin-status-codes-2.0.0.tgz#6f22003baacf003ccd287afe6872151fddc58579"

chai@*:
  version "3.5.0"
  resolved "https://registry.yarnpkg.com/chai/-/chai-3.5.0.tgz#4d02637b067fe958bdbfdd3a40ec56fef7373247"
  dependencies:
    assertion-error "^1.0.1"
    deep-eql "^0.1.3"
    type-detect "^1.0.0"

cids@^0.2.0:
  version "0.2.0"
  resolved "https://registry.yarnpkg.com/cids/-/cids-0.2.0.tgz#0a79f621c34eb3ff9c3be505fda2b809710847fc"
  dependencies:
    multibase "^0.2.0"
    multicodec "0.1.0"
    multihashes "^0.2.2"

cipher-base@^1.0.0, cipher-base@^1.0.1:
  version "1.0.3"
  resolved "https://registry.yarnpkg.com/cipher-base/-/cipher-base-1.0.3.tgz#eeabf194419ce900da3018c207d212f2a6df0a07"
  dependencies:
    inherits "^2.0.1"

clone-stats@^0.0.1:
  version "0.0.1"
  resolved "https://registry.yarnpkg.com/clone-stats/-/clone-stats-0.0.1.tgz#b88f94a82cf38b8791d58046ea4029ad88ca99d1"

clone@^1.0.0:
  version "1.0.2"
  resolved "https://registry.yarnpkg.com/clone/-/clone-1.0.2.tgz#260b7a99ebb1edfe247538175f783243cb19d149"

commander@0.6.1:
  version "0.6.1"
  resolved "https://registry.yarnpkg.com/commander/-/commander-0.6.1.tgz#fa68a14f6a945d54dbbe50d8cdb3320e9e3b1a06"

commander@2.3.0:
  version "2.3.0"
  resolved "https://registry.yarnpkg.com/commander/-/commander-2.3.0.tgz#fd430e889832ec353b9acd1de217c11cb3eef873"

concat-map@0.0.1:
  version "0.0.1"
  resolved "https://registry.yarnpkg.com/concat-map/-/concat-map-0.0.1.tgz#d8a96bd77fd68df7793a73036a3ba0d5405d477b"

concat-stream@^1.5.1, concat-stream@^1.5.2:
  version "1.6.0"
  resolved "https://registry.yarnpkg.com/concat-stream/-/concat-stream-1.6.0.tgz#0aac662fd52be78964d5532f694784e70110acf7"
  dependencies:
    inherits "^2.0.3"
    readable-stream "^2.2.2"
    typedarray "^0.0.6"

concat-stream@~1.4.5:
  version "1.4.10"
  resolved "https://registry.yarnpkg.com/concat-stream/-/concat-stream-1.4.10.tgz#acc3bbf5602cb8cc980c6ac840fa7d8603e3ef36"
  dependencies:
    inherits "~2.0.1"
    readable-stream "~1.1.9"
    typedarray "~0.0.5"

core-js@^2.4.0:
  version "2.4.1"
  resolved "https://registry.yarnpkg.com/core-js/-/core-js-2.4.1.tgz#4de911e667b0eae9124e34254b53aea6fc618d3e"

core-util-is@~1.0.0:
  version "1.0.2"
  resolved "https://registry.yarnpkg.com/core-util-is/-/core-util-is-1.0.2.tgz#b5fd54220aa2bc5ab57aab7140c940754503c1a7"

create-hash@^1.1.0, create-hash@^1.1.1, create-hash@^1.1.2:
  version "1.1.2"
  resolved "https://registry.yarnpkg.com/create-hash/-/create-hash-1.1.2.tgz#51210062d7bb7479f6c65bb41a92208b1d61abad"
  dependencies:
    cipher-base "^1.0.1"
    inherits "^2.0.1"
    ripemd160 "^1.0.0"
    sha.js "^2.3.6"

crypto-js@^3.1.4:
  version "3.1.8"
  resolved "https://registry.yarnpkg.com/crypto-js/-/crypto-js-3.1.8.tgz#715f070bf6014f2ae992a98b3929258b713f08d5"

debug@2.2.0:
  version "2.2.0"
  resolved "https://registry.yarnpkg.com/debug/-/debug-2.2.0.tgz#f87057e995b1a1f6ae6a4960664137bc56f039da"
  dependencies:
    ms "0.7.1"

deep-eql@^0.1.3:
  version "0.1.3"
  resolved "https://registry.yarnpkg.com/deep-eql/-/deep-eql-0.1.3.tgz#ef558acab8de25206cd713906d74e56930eb69f2"
  dependencies:
    type-detect "0.1.1"

detect-node@^2.0.3:
  version "2.0.3"
  resolved "https://registry.yarnpkg.com/detect-node/-/detect-node-2.0.3.tgz#a2033c09cc8e158d37748fbde7507832bd6ce127"

diff@1.4.0:
  version "1.4.0"
  resolved "https://registry.yarnpkg.com/diff/-/diff-1.4.0.tgz#7f28d2eb9ee7b15a97efd89ce63dcfdaa3ccbabf"

duplexer2@~0.0.2:
  version "0.0.2"
  resolved "https://registry.yarnpkg.com/duplexer2/-/duplexer2-0.0.2.tgz#c614dcf67e2fb14995a91711e5a617e8a60a31db"
  dependencies:
    readable-stream "~1.1.9"

end-of-stream@^1.0.0:
  version "1.1.0"
  resolved "https://registry.yarnpkg.com/end-of-stream/-/end-of-stream-1.1.0.tgz#e9353258baa9108965efc41cb0ef8ade2f3cfb07"
  dependencies:
    once "~1.3.0"

escape-string-regexp@1.0.2:
  version "1.0.2"
  resolved "https://registry.yarnpkg.com/escape-string-regexp/-/escape-string-regexp-1.0.2.tgz#4dbc2fe674e71949caf3fb2695ce7f2dc1d9a8d1"

escodegen@~0.0.24:
  version "0.0.28"
  resolved "https://registry.yarnpkg.com/escodegen/-/escodegen-0.0.28.tgz#0e4ff1715f328775d6cab51ac44a406cd7abffd3"
  dependencies:
    esprima "~1.0.2"
    estraverse "~1.3.0"
  optionalDependencies:
    source-map ">= 0.1.2"

escodegen@~1.3.2:
  version "1.3.3"
  resolved "https://registry.yarnpkg.com/escodegen/-/escodegen-1.3.3.tgz#f024016f5a88e046fd12005055e939802e6c5f23"
  dependencies:
    esprima "~1.1.1"
    estraverse "~1.5.0"
    esutils "~1.0.0"
  optionalDependencies:
    source-map "~0.1.33"

esprima@~1.0.2:
  version "1.0.4"
  resolved "https://registry.yarnpkg.com/esprima/-/esprima-1.0.4.tgz#9f557e08fc3b4d26ece9dd34f8fbf476b62585ad"

esprima@~1.1.1:
  version "1.1.1"
  resolved "https://registry.yarnpkg.com/esprima/-/esprima-1.1.1.tgz#5b6f1547f4d102e670e140c509be6771d6aeb549"

estraverse@~1.3.0:
  version "1.3.2"
  resolved "https://registry.yarnpkg.com/estraverse/-/estraverse-1.3.2.tgz#37c2b893ef13d723f276d878d60d8535152a6c42"

estraverse@~1.5.0:
  version "1.5.1"
  resolved "https://registry.yarnpkg.com/estraverse/-/estraverse-1.5.1.tgz#867a3e8e58a9f84618afb6c2ddbcd916b7cbaf71"

esutils@~1.0.0:
  version "1.0.0"
  resolved "https://registry.yarnpkg.com/esutils/-/esutils-1.0.0.tgz#8151d358e20c8acc7fb745e7472c0025fe496570"

ether-pudding@^2.0.0:
  version "2.0.9"
  resolved "https://registry.yarnpkg.com/ether-pudding/-/ether-pudding-2.0.9.tgz#4fb388142113e5658b7e293472abeacc204fd701"
  dependencies:
    bluebird "^3.1.5"
    node-dir "^0.1.11"

evp_bytestokey@^1.0.0:
  version "1.0.0"
  resolved "https://registry.yarnpkg.com/evp_bytestokey/-/evp_bytestokey-1.0.0.tgz#497b66ad9fef65cd7c08a6180824ba1476b66e53"
  dependencies:
    create-hash "^1.1.1"

falafel@^1.0.0:
  version "1.2.0"
  resolved "https://registry.yarnpkg.com/falafel/-/falafel-1.2.0.tgz#c18d24ef5091174a497f318cd24b026a25cddab4"
  dependencies:
    acorn "^1.0.3"
    foreach "^2.0.5"
    isarray "0.0.1"
    object-keys "^1.0.6"

flatmap@0.0.3:
  version "0.0.3"
  resolved "https://registry.yarnpkg.com/flatmap/-/flatmap-0.0.3.tgz#1f18a4d938152d495965f9c958d923ab2dd669b4"

foreach@^2.0.5:
  version "2.0.5"
  resolved "https://registry.yarnpkg.com/foreach/-/foreach-2.0.5.tgz#0bee005018aeb260d0a3af3ae658dd0136ec1b99"

fs.realpath@^1.0.0:
  version "1.0.0"
  resolved "https://registry.yarnpkg.com/fs.realpath/-/fs.realpath-1.0.0.tgz#1504ad2523158caa40db4a2787cb01411994ea4f"

function-bind@^1.0.2:
  version "1.1.0"
  resolved "https://registry.yarnpkg.com/function-bind/-/function-bind-1.1.0.tgz#16176714c801798e4e8f2cf7f7529467bb4a5771"

generate-function@^2.0.0:
  version "2.0.0"
  resolved "https://registry.yarnpkg.com/generate-function/-/generate-function-2.0.0.tgz#6858fe7c0969b7d4e9093337647ac79f60dfbe74"

generate-object-property@^1.2.0:
  version "1.2.0"
  resolved "https://registry.yarnpkg.com/generate-object-property/-/generate-object-property-1.2.0.tgz#9c0e1c40308ce804f4783618b937fa88f99d50d0"
  dependencies:
    is-property "^1.0.0"

glob-escape@0.0.2:
  version "0.0.2"
  resolved "https://registry.yarnpkg.com/glob-escape/-/glob-escape-0.0.2.tgz#9c27f7821ed1c1377582f3efd9558e3f675628ed"

glob@3.2.11:
  version "3.2.11"
  resolved "https://registry.yarnpkg.com/glob/-/glob-3.2.11.tgz#4a973f635b9190f715d10987d5c00fd2815ebe3d"
  dependencies:
    inherits "2"
    minimatch "0.3"

glob@^7.1.1:
  version "7.1.1"
  resolved "https://registry.yarnpkg.com/glob/-/glob-7.1.1.tgz#805211df04faaf1c63a3600306cdf5ade50b2ec8"
  dependencies:
    fs.realpath "^1.0.0"
    inflight "^1.0.4"
    inherits "2"
    minimatch "^3.0.2"
    once "^1.3.0"
    path-is-absolute "^1.0.0"

growl@1.9.2:
  version "1.9.2"
  resolved "https://registry.yarnpkg.com/growl/-/growl-1.9.2.tgz#0ea7743715db8d8de2c5ede1775e1b45ac85c02f"

has@^1.0.0:
  version "1.0.1"
  resolved "https://registry.yarnpkg.com/has/-/has-1.0.1.tgz#8461733f538b0837c9361e39a9ab9e9704dc2f28"
  dependencies:
    function-bind "^1.0.2"

ieee754@^1.1.4:
  version "1.1.8"
  resolved "https://registry.yarnpkg.com/ieee754/-/ieee754-1.1.8.tgz#be33d40ac10ef1926701f6f08a2d86fbfd1ad3e4"

indexof@*:
  version "0.0.1"
  resolved "https://registry.yarnpkg.com/indexof/-/indexof-0.0.1.tgz#82dc336d232b9062179d05ab3293a66059fd435d"

inflight@^1.0.4:
  version "1.0.6"
  resolved "https://registry.yarnpkg.com/inflight/-/inflight-1.0.6.tgz#49bd6331d7d02d0c09bc910a1075ba8165b56df9"
  dependencies:
    once "^1.3.0"
    wrappy "1"

inherits@2, inherits@^2.0.1, inherits@^2.0.3, inherits@~2.0.1:
  version "2.0.3"
  resolved "https://registry.yarnpkg.com/inherits/-/inherits-2.0.3.tgz#633c2c83e3da42a502f52466022480f4208261de"

ip@^1.1.4:
  version "1.1.4"
  resolved "https://registry.yarnpkg.com/ip/-/ip-1.1.4.tgz#de8247ffef940451832550fba284945e6e039bfb"

ipfs-api@12.1.0:
  version "12.1.0"
  resolved "https://registry.yarnpkg.com/ipfs-api/-/ipfs-api-12.1.0.tgz#b71b8bce50fcfa7e348a200ee3c724fbc5964bfe"
  dependencies:
    async "^2.1.4"
    bl "^1.1.2"
    bs58 "^3.1.0"
    concat-stream "^1.5.2"
    detect-node "^2.0.3"
    flatmap "0.0.3"
    glob "^7.1.1"
    glob-escape "0.0.2"
    ipfs-block "^0.5.1"
    ipfs-unixfs "^0.1.8"
    ipld-dag-pb "^0.9.3"
    is-ipfs "^0.2.1"
    isstream "^0.1.2"
    lru-cache "^4.0.2"
    multiaddr "^2.1.1"
    multipart-stream "^2.0.1"
    ndjson "^1.5.0"
    once "^1.4.0"
    peer-id "^0.8.0"
    peer-info "^0.8.1"
    promisify-es6 "^1.0.2"
    qs "^6.3.0"
    readable-stream "1.1.14"
    stream-http "^2.5.0"
    streamifier "^0.1.1"
    tar-stream "^1.5.2"

ipfs-block@^0.5.0, ipfs-block@^0.5.1:
  version "0.5.4"
  resolved "https://registry.yarnpkg.com/ipfs-block/-/ipfs-block-0.5.4.tgz#883c8872ce2bd7a459a391d65474ac9735f16387"
  dependencies:
    async "^2.1.4"
    multihashing-async "^0.3.0"

ipfs-mini@^1.0.1:
  version "1.0.1"
  resolved "https://registry.yarnpkg.com/ipfs-mini/-/ipfs-mini-1.0.1.tgz#e0bad948cb3897f0753cb40328d7d3595bb625b2"
  dependencies:
    ipfs-api "12.1.0"
    w3c-xmlhttprequest "2.1.2"

ipfs-unixfs@^0.1.8:
  version "0.1.9"
  resolved "https://registry.yarnpkg.com/ipfs-unixfs/-/ipfs-unixfs-0.1.9.tgz#cb7b824eb0b2020f44911d22061a7bc44b7df774"
  dependencies:
    protocol-buffers "^3.2.1"

ipld-dag-pb@^0.9.3:
  version "0.9.3"
  resolved "https://registry.yarnpkg.com/ipld-dag-pb/-/ipld-dag-pb-0.9.3.tgz#55817582b1acbe2712e82e09b63b2bf091f582d6"
  dependencies:
    async "^2.1.4"
    buffer-loader "0.0.1"
    cids "^0.2.0"
    ipfs-block "^0.5.0"
    is-ipfs "^0.2.1"
    multihashes "^0.3.0"
    multihashing-async "^0.3.0"
    protocol-buffers "^3.2.1"
    pull-stream "^3.5.0"
    pull-traverse "^1.0.3"
    stable "^0.1.5"

is-ipfs@^0.2.1:
  version "0.2.1"
  resolved "https://registry.yarnpkg.com/is-ipfs/-/is-ipfs-0.2.1.tgz#10357d3fddc7cded4b6ea6cc1da6fe7d8d84b438"
  dependencies:
    bs58 "^3.0.0"
    multihashes "^0.2.0"

is-promise@~1, is-promise@~1.0.0:
  version "1.0.1"
  resolved "https://registry.yarnpkg.com/is-promise/-/is-promise-1.0.1.tgz#31573761c057e33c2e91aab9e96da08cefbe76e5"

is-property@^1.0.0:
  version "1.0.2"
  resolved "https://registry.yarnpkg.com/is-property/-/is-property-1.0.2.tgz#57fe1c4e48474edd65b09911f26b1cd4095dda84"

is-stream@^1.0.1:
  version "1.1.0"
  resolved "https://registry.yarnpkg.com/is-stream/-/is-stream-1.1.0.tgz#12d4a3dd4e68e0b79ceb8dbc84173ae80d91ca44"

isarray@0.0.1:
  version "0.0.1"
  resolved "https://registry.yarnpkg.com/isarray/-/isarray-0.0.1.tgz#8a18acfca9a8f4177e09abfc6038939b05d1eedf"

isarray@^1.0.0, isarray@~1.0.0:
  version "1.0.0"
  resolved "https://registry.yarnpkg.com/isarray/-/isarray-1.0.0.tgz#bb935d48582cba168c06834957a54a3e07124f11"

isstream@^0.1.2:
  version "0.1.2"
  resolved "https://registry.yarnpkg.com/isstream/-/isstream-0.1.2.tgz#47e63f7af55afa6f92e1500e690eb8b8529c099a"

jade@0.26.3:
  version "0.26.3"
  resolved "https://registry.yarnpkg.com/jade/-/jade-0.26.3.tgz#8f10d7977d8d79f2f6ff862a81b0513ccb25686c"
  dependencies:
    commander "0.6.1"
    mkdirp "0.3.0"

js-sha3@^0.5.5:
  version "0.5.5"
  resolved "https://registry.yarnpkg.com/js-sha3/-/js-sha3-0.5.5.tgz#baf0c0e8c54ad5903447df96ade7a4a1bca79a4a"

json-stringify-safe@^5.0.1:
  version "5.0.1"
  resolved "https://registry.yarnpkg.com/json-stringify-safe/-/json-stringify-safe-5.0.1.tgz#1296a2d58fd45f19a0f6ce01d65701e2c735b6eb"

keypair@^1.0.0:
  version "1.0.0"
  resolved "https://registry.yarnpkg.com/keypair/-/keypair-1.0.0.tgz#503dd930490d298d9aa0da090ae41fdf7da5a680"

libp2p-crypto@^0.7.0:
  version "0.7.5"
  resolved "https://registry.yarnpkg.com/libp2p-crypto/-/libp2p-crypto-0.7.5.tgz#1f68b724b254597bbca6c1a6517a3f305d75b3e3"
  dependencies:
    asn1.js "^4.8.1"
    async "^2.1.2"
    browserify-aes "^1.0.6"
    keypair "^1.0.0"
    multihashing-async "^0.3.0"
    nodeify "^1.0.0"
    pem-jwk "^1.5.1"
    protocol-buffers "^3.2.1"
    rsa-pem-to-jwk "^1.1.3"
    webcrypto-shim "github:dignifiedquire/webcrypto-shim#master"
  optionalDependencies:
    node-webcrypto-ossl "^1.0.13"

lodash.filter@^4.6.0:
  version "4.6.0"
  resolved "https://registry.yarnpkg.com/lodash.filter/-/lodash.filter-4.6.0.tgz#668b1d4981603ae1cc5a6fa760143e480b4c4ace"

lodash.map@^4.6.0:
  version "4.6.0"
  resolved "https://registry.yarnpkg.com/lodash.map/-/lodash.map-4.6.0.tgz#771ec7839e3473d9c4cde28b19394c3562f4f6d3"

lodash.uniqby@^4.7.0:
  version "4.7.0"
  resolved "https://registry.yarnpkg.com/lodash.uniqby/-/lodash.uniqby-4.7.0.tgz#d99c07a669e9e6d24e1362dfe266c67616af1302"

lodash@^4.14.0:
  version "4.17.3"
  resolved "https://registry.yarnpkg.com/lodash/-/lodash-4.17.3.tgz#557ed7d2a9438cac5fd5a43043ca60cb455e01f7"

lru-cache@2:
  version "2.7.3"
  resolved "https://registry.yarnpkg.com/lru-cache/-/lru-cache-2.7.3.tgz#6d4524e8b955f95d4f5b58851ce21dd72fb4e952"

lru-cache@^4.0.2:
  version "4.0.2"
  resolved "https://registry.yarnpkg.com/lru-cache/-/lru-cache-4.0.2.tgz#1d17679c069cda5d040991a09dbc2c0db377e55e"
  dependencies:
    pseudomap "^1.0.1"
    yallist "^2.0.0"

minimalistic-assert@^1.0.0:
  version "1.0.0"
  resolved "https://registry.yarnpkg.com/minimalistic-assert/-/minimalistic-assert-1.0.0.tgz#702be2dda6b37f4836bcb3f5db56641b64a1d3d3"

minimatch@0.3:
  version "0.3.0"
  resolved "https://registry.yarnpkg.com/minimatch/-/minimatch-0.3.0.tgz#275d8edaac4f1bb3326472089e7949c8394699dd"
  dependencies:
    lru-cache "2"
    sigmund "~1.0.0"

minimatch@^3.0.2:
  version "3.0.3"
  resolved "https://registry.yarnpkg.com/minimatch/-/minimatch-3.0.3.tgz#2a4e4090b96b2db06a9d7df01055a62a77c9b774"
  dependencies:
    brace-expansion "^1.0.0"

minimist@0.0.8:
  version "0.0.8"
  resolved "https://registry.yarnpkg.com/minimist/-/minimist-0.0.8.tgz#857fcabfc3397d2625b8228262e86aa7a011b05d"

minimist@^1.1.3, minimist@^1.2.0:
  version "1.2.0"
  resolved "https://registry.yarnpkg.com/minimist/-/minimist-1.2.0.tgz#a35008b20f41383eec1fb914f4cd5df79a264284"

mkdirp@0.3.0:
  version "0.3.0"
  resolved "https://registry.yarnpkg.com/mkdirp/-/mkdirp-0.3.0.tgz#1bbf5ab1ba827af23575143490426455f481fe1e"

mkdirp@0.5.1, mkdirp@^0.5.1:
  version "0.5.1"
  resolved "https://registry.yarnpkg.com/mkdirp/-/mkdirp-0.5.1.tgz#30057438eac6cf7f8c4767f38648d6697d75c903"
  dependencies:
    minimist "0.0.8"

mocha@^2.4.5:
  version "2.5.3"
  resolved "https://registry.yarnpkg.com/mocha/-/mocha-2.5.3.tgz#161be5bdeb496771eb9b35745050b622b5aefc58"
  dependencies:
    commander "2.3.0"
    debug "2.2.0"
    diff "1.4.0"
    escape-string-regexp "1.0.2"
    glob "3.2.11"
    growl "1.9.2"
    jade "0.26.3"
    mkdirp "0.5.1"
    supports-color "1.2.0"
    to-iso-string "0.0.2"

ms@0.7.1:
  version "0.7.1"
  resolved "https://registry.yarnpkg.com/ms/-/ms-0.7.1.tgz#9cd13c03adbff25b65effde7ce864ee952017098"

multiaddr@^2.1.1:
  version "2.1.1"
  resolved "https://registry.yarnpkg.com/multiaddr/-/multiaddr-2.1.1.tgz#a098dd00de4a63e629955ebbf19f3a1d782d7067"
  dependencies:
    babel-runtime "^6.18.0"
    bs58 "^3.0.0"
    ip "^1.1.4"
    lodash.filter "^4.6.0"
    lodash.map "^4.6.0"
    varint "^5.0.0"
    xtend "^4.0.1"

multibase@^0.2.0:
  version "0.2.0"
  resolved "https://registry.yarnpkg.com/multibase/-/multibase-0.2.0.tgz#8c0f9d5ff33f863dc4722ca7d06dc1dd9e5f006e"
  dependencies:
    bs58 "^3.0.0"

multicodec@0.1.0:
  version "0.1.0"
  resolved "https://registry.yarnpkg.com/multicodec/-/multicodec-0.1.0.tgz#00067fcc0517d571bec1c6f325d2c987b3a74cc8"
  dependencies:
    varint "^4.0.1"

multihashes@^0.2.0, multihashes@^0.2.2:
  version "0.2.2"
  resolved "https://registry.yarnpkg.com/multihashes/-/multihashes-0.2.2.tgz#8ccf2e3ba3d041e1146728de0d8a4da9e8b18251"
  dependencies:
    bs58 "^3.0.0"

multihashes@^0.3.0:
  version "0.3.1"
  resolved "https://registry.yarnpkg.com/multihashes/-/multihashes-0.3.1.tgz#109f136dbcda1f2d30c8773606d79a684c8b9fd0"
  dependencies:
    bs58 "^3.1.0"

multihashing-async@^0.3.0:
  version "0.3.0"
  resolved "https://registry.yarnpkg.com/multihashing-async/-/multihashing-async-0.3.0.tgz#64995118d8183b1291a559478772979f80aaf917"
  dependencies:
    async "^2.1.4"
    js-sha3 "^0.5.5"
    multihashes "^0.3.0"
    nodeify "^1.0.0"

multipart-stream@^2.0.1:
  version "2.0.1"
  resolved "https://registry.yarnpkg.com/multipart-stream/-/multipart-stream-2.0.1.tgz#195c9cb4b2c41e78c72a1e8f38c7d0eba1cd0ba0"
  dependencies:
    inherits "^2.0.1"
    is-stream "^1.0.1"
    sandwich-stream "^1.0.0"

nan@^2.4.0:
  version "2.5.0"
  resolved "https://registry.yarnpkg.com/nan/-/nan-2.5.0.tgz#aa8f1e34531d807e9e27755b234b4a6ec0c152a8"

ndjson@^1.5.0:
  version "1.5.0"
  resolved "https://registry.yarnpkg.com/ndjson/-/ndjson-1.5.0.tgz#ae603b36b134bcec347b452422b0bf98d5832ec8"
  dependencies:
    json-stringify-safe "^5.0.1"
    minimist "^1.2.0"
    split2 "^2.1.0"
    through2 "^2.0.3"

node-dir@^0.1.11:
  version "0.1.16"
  resolved "https://registry.yarnpkg.com/node-dir/-/node-dir-0.1.16.tgz#d2ef583aa50b90d93db8cdd26fcea58353957fe4"
  dependencies:
    minimatch "^3.0.2"

node-webcrypto-ossl@^1.0.13:
  version "1.0.16"
  resolved "https://registry.yarnpkg.com/node-webcrypto-ossl/-/node-webcrypto-ossl-1.0.16.tgz#b536347c26d78efecad6fab91862dcd0985524d6"
  dependencies:
    "@types/mkdirp" "^0.3.29"
    "@types/node" "^6.0.45"
    mkdirp "^0.5.1"
    nan "^2.4.0"
    webcrypto-core "^0"

nodeify@^1.0.0:
  version "1.0.0"
  resolved "https://registry.yarnpkg.com/nodeify/-/nodeify-1.0.0.tgz#2a106c7bfbd6b8490dd53c130ddbfe2ae639a856"
  dependencies:
    is-promise "~1.0.0"
    promise "~1.3.0"

object-assign@^2.0.0:
  version "2.1.1"
  resolved "https://registry.yarnpkg.com/object-assign/-/object-assign-2.1.1.tgz#43c36e5d569ff8e4816c4efa8be02d26967c18aa"

object-inspect@~0.4.0:
  version "0.4.0"
  resolved "https://registry.yarnpkg.com/object-inspect/-/object-inspect-0.4.0.tgz#f5157c116c1455b243b06ee97703392c5ad89fec"

object-keys@^1.0.6:
  version "1.0.11"
  resolved "https://registry.yarnpkg.com/object-keys/-/object-keys-1.0.11.tgz#c54601778ad560f1142ce0e01bcca8b56d13426d"

object-keys@~0.4.0:
  version "0.4.0"
  resolved "https://registry.yarnpkg.com/object-keys/-/object-keys-0.4.0.tgz#28a6aae7428dd2c3a92f3d95f21335dd204e0336"

once@^1.3.0, once@^1.4.0:
  version "1.4.0"
  resolved "https://registry.yarnpkg.com/once/-/once-1.4.0.tgz#583b1aa775961d4b113ac17d9c50baef9dd76bd1"
  dependencies:
    wrappy "1"

once@~1.3.0:
  version "1.3.3"
  resolved "https://registry.yarnpkg.com/once/-/once-1.3.3.tgz#b2e261557ce4c314ec8304f3fa82663e4297ca20"
  dependencies:
    wrappy "1"

optimist@~0.3.5:
  version "0.3.7"
  resolved "https://registry.yarnpkg.com/optimist/-/optimist-0.3.7.tgz#c90941ad59e4273328923074d2cf2e7cbc6ec0d9"
  dependencies:
    wordwrap "~0.0.2"

path-is-absolute@^1.0.0:
  version "1.0.1"
  resolved "https://registry.yarnpkg.com/path-is-absolute/-/path-is-absolute-1.0.1.tgz#174b9268735534ffbc7ace6bf53a5a9e1b5c5f5f"

peer-id@^0.8.0, peer-id@^0.8.1:
  version "0.8.1"
  resolved "https://registry.yarnpkg.com/peer-id/-/peer-id-0.8.1.tgz#9783b609c8e264ef8059f385ffbdfe5cc4936894"
  dependencies:
    async "^2.0.1"
    libp2p-crypto "^0.7.0"
    multihashes "^0.3.0"

peer-info@^0.8.1:
  version "0.8.2"
  resolved "https://registry.yarnpkg.com/peer-info/-/peer-info-0.8.2.tgz#29aee1720f21ddb42b2f146a13e69614a6726281"
  dependencies:
    lodash.uniqby "^4.7.0"
    multiaddr "^2.1.1"
    peer-id "^0.8.1"

pem-jwk@^1.5.1:
  version "1.5.1"
  resolved "https://registry.yarnpkg.com/pem-jwk/-/pem-jwk-1.5.1.tgz#7a8637fd2f67a827e57c0c42e1c23c3fd52cfb01"
  dependencies:
    asn1.js "1.0.3"

process-nextick-args@~1.0.6:
  version "1.0.7"
  resolved "https://registry.yarnpkg.com/process-nextick-args/-/process-nextick-args-1.0.7.tgz#150e20b756590ad3f91093f25a4f2ad8bff30ba3"

promise@~1.3.0:
  version "1.3.0"
  resolved "https://registry.yarnpkg.com/promise/-/promise-1.3.0.tgz#e5cc9a4c8278e4664ffedc01c7da84842b040175"
  dependencies:
    is-promise "~1"

promisify-es6@^1.0.2:
  version "1.0.2"
  resolved "https://registry.yarnpkg.com/promisify-es6/-/promisify-es6-1.0.2.tgz#63093553e39be5036d757b455fb93d155da4b589"

protocol-buffers-schema@^3.1.1:
  version "3.1.1"
  resolved "https://registry.yarnpkg.com/protocol-buffers-schema/-/protocol-buffers-schema-3.1.1.tgz#b5e4800ce8adab7fb8ffe8770bb36e2a04359c78"

protocol-buffers@^3.2.1:
  version "3.2.1"
  resolved "https://registry.yarnpkg.com/protocol-buffers/-/protocol-buffers-3.2.1.tgz#37258e17e24a082f06ebb17731e92851d1c76889"
  dependencies:
    brfs "^1.4.0"
    generate-function "^2.0.0"
    generate-object-property "^1.2.0"
    protocol-buffers-schema "^3.1.1"
    signed-varint "^2.0.0"
    varint "^5.0.0"

pseudomap@^1.0.1:
  version "1.0.2"
  resolved "https://registry.yarnpkg.com/pseudomap/-/pseudomap-1.0.2.tgz#f052a28da70e618917ef0a8ac34c1ae5a68286b3"

pull-stream@^3.5.0:
  version "3.5.0"
  resolved "https://registry.yarnpkg.com/pull-stream/-/pull-stream-3.5.0.tgz#1ee5b6f76fd3b3a49a5afb6ded5c0320acb3cfc7"

pull-traverse@^1.0.3:
  version "1.0.3"
  resolved "https://registry.yarnpkg.com/pull-traverse/-/pull-traverse-1.0.3.tgz#74fb5d7be7fa6bd7a78e97933e199b7945866938"

qs@^6.3.0:
  version "6.3.0"
  resolved "https://registry.yarnpkg.com/qs/-/qs-6.3.0.tgz#f403b264f23bc01228c74131b407f18d5ea5d442"

quote-stream@^1.0.1:
  version "1.0.2"
  resolved "https://registry.yarnpkg.com/quote-stream/-/quote-stream-1.0.2.tgz#84963f8c9c26b942e153feeb53aae74652b7e0b2"
  dependencies:
    buffer-equal "0.0.1"
    minimist "^1.1.3"
    through2 "^2.0.0"

quote-stream@~0.0.0:
  version "0.0.0"
  resolved "https://registry.yarnpkg.com/quote-stream/-/quote-stream-0.0.0.tgz#cde29e94c409b16e19dc7098b89b6658f9721d3b"
  dependencies:
    minimist "0.0.8"
    through2 "~0.4.1"

readable-stream@1.1.14, readable-stream@~1.1.9:
  version "1.1.14"
  resolved "https://registry.yarnpkg.com/readable-stream/-/readable-stream-1.1.14.tgz#7cf4c54ef648e3813084c636dd2079e166c081d9"
  dependencies:
    core-util-is "~1.0.0"
    inherits "~2.0.1"
    isarray "0.0.1"
    string_decoder "~0.10.x"

readable-stream@^2.0.0, readable-stream@^2.0.5, readable-stream@^2.1.0, readable-stream@^2.1.5, readable-stream@^2.2.2:
  version "2.2.2"
  resolved "https://registry.yarnpkg.com/readable-stream/-/readable-stream-2.2.2.tgz#a9e6fec3c7dda85f8bb1b3ba7028604556fc825e"
  dependencies:
    buffer-shims "^1.0.0"
    core-util-is "~1.0.0"
    inherits "~2.0.1"
    isarray "~1.0.0"
    process-nextick-args "~1.0.6"
    string_decoder "~0.10.x"
    util-deprecate "~1.0.1"

readable-stream@~1.0.17, readable-stream@~1.0.27-1:
  version "1.0.34"
  resolved "https://registry.yarnpkg.com/readable-stream/-/readable-stream-1.0.34.tgz#125820e34bc842d2f2aaafafe4c2916ee32c157c"
  dependencies:
    core-util-is "~1.0.0"
    inherits "~2.0.1"
    isarray "0.0.1"
    string_decoder "~0.10.x"

regenerator-runtime@^0.10.0:
  version "0.10.1"
  resolved "https://registry.yarnpkg.com/regenerator-runtime/-/regenerator-runtime-0.10.1.tgz#257f41961ce44558b18f7814af48c17559f9faeb"

replace-ext@0.0.1:
  version "0.0.1"
  resolved "https://registry.yarnpkg.com/replace-ext/-/replace-ext-0.0.1.tgz#29bbd92078a739f0bcce2b4ee41e837953522924"

resolve@^1.1.5:
  version "1.2.0"
  resolved "https://registry.yarnpkg.com/resolve/-/resolve-1.2.0.tgz#9589c3f2f6149d1417a40becc1663db6ec6bc26c"

ripemd160@^1.0.0:
  version "1.0.1"
  resolved "https://registry.yarnpkg.com/ripemd160/-/ripemd160-1.0.1.tgz#93a4bbd4942bc574b69a8fa57c71de10ecca7d6e"

rsa-pem-to-jwk@^1.1.3:
  version "1.1.3"
  resolved "https://registry.yarnpkg.com/rsa-pem-to-jwk/-/rsa-pem-to-jwk-1.1.3.tgz#245e76bdb7e7234cfee7ca032d31b54c38fab98e"
  dependencies:
    object-assign "^2.0.0"
    rsa-unpack "0.0.6"

rsa-unpack@0.0.6:
  version "0.0.6"
  resolved "https://registry.yarnpkg.com/rsa-unpack/-/rsa-unpack-0.0.6.tgz#f50ebd56a628378e631f297161026ce9ab4eddba"
  dependencies:
    optimist "~0.3.5"

sandwich-stream@^1.0.0:
  version "1.0.0"
  resolved "https://registry.yarnpkg.com/sandwich-stream/-/sandwich-stream-1.0.0.tgz#7830e45797b5933287f1f9b28f871907456262f2"

sha.js@^2.3.6:
  version "2.4.8"
  resolved "https://registry.yarnpkg.com/sha.js/-/sha.js-2.4.8.tgz#37068c2c476b6baf402d14a49c67f597921f634f"
  dependencies:
    inherits "^2.0.1"

shallow-copy@~0.0.1:
  version "0.0.1"
  resolved "https://registry.yarnpkg.com/shallow-copy/-/shallow-copy-0.0.1.tgz#415f42702d73d810330292cc5ee86eae1a11a170"

sigmund@~1.0.0:
  version "1.0.1"
  resolved "https://registry.yarnpkg.com/sigmund/-/sigmund-1.0.1.tgz#3ff21f198cad2175f9f3b781853fd94d0d19b590"

signed-varint@^2.0.0:
  version "2.0.1"
  resolved "https://registry.yarnpkg.com/signed-varint/-/signed-varint-2.0.1.tgz#50a9989da7c98c2c61dad119bc97470ef8528129"
  dependencies:
    varint "~5.0.0"

"source-map@>= 0.1.2", source-map@~0.1.33:
  version "0.1.43"
  resolved "https://registry.yarnpkg.com/source-map/-/source-map-0.1.43.tgz#c24bc146ca517c1471f5dacbe2571b2b7f9e3346"
  dependencies:
    amdefine ">=0.0.4"

split2@^2.1.0:
  version "2.1.0"
  resolved "https://registry.yarnpkg.com/split2/-/split2-2.1.0.tgz#7382c148cb622c4b28af7c727f9673730b73f474"
  dependencies:
    through2 "~2.0.0"

stable@^0.1.5:
  version "0.1.5"
  resolved "https://registry.yarnpkg.com/stable/-/stable-0.1.5.tgz#08232f60c732e9890784b5bed0734f8b32a887b9"

static-eval@~0.2.0:
  version "0.2.4"
  resolved "https://registry.yarnpkg.com/static-eval/-/static-eval-0.2.4.tgz#b7d34d838937b969f9641ca07d48f8ede263ea7b"
  dependencies:
    escodegen "~0.0.24"

static-module@^1.1.0:
  version "1.3.1"
  resolved "https://registry.yarnpkg.com/static-module/-/static-module-1.3.1.tgz#79071d340e4419e4ab5ce87976a9eb67250c8493"
  dependencies:
    concat-stream "~1.4.5"
    duplexer2 "~0.0.2"
    escodegen "~1.3.2"
    falafel "^1.0.0"
    has "^1.0.0"
    object-inspect "~0.4.0"
    quote-stream "~0.0.0"
    readable-stream "~1.0.27-1"
    shallow-copy "~0.0.1"
    static-eval "~0.2.0"
    through2 "~0.4.1"

stream-http@^2.5.0:
  version "2.5.0"
  resolved "https://registry.yarnpkg.com/stream-http/-/stream-http-2.5.0.tgz#585eee513217ed98fe199817e7313b6f772a6802"
  dependencies:
    builtin-status-codes "^2.0.0"
    inherits "^2.0.1"
    readable-stream "^2.1.0"
    to-arraybuffer "^1.0.0"
    xtend "^4.0.0"

streamifier@^0.1.1:
  version "0.1.1"
  resolved "https://registry.yarnpkg.com/streamifier/-/streamifier-0.1.1.tgz#97e98d8fa4d105d62a2691d1dc07e820db8dfc4f"

string_decoder@~0.10.x:
  version "0.10.31"
  resolved "https://registry.yarnpkg.com/string_decoder/-/string_decoder-0.10.31.tgz#62e203bc41766c6c28c9fc84301dab1c5310fa94"

supports-color@1.2.0:
  version "1.2.0"
  resolved "https://registry.yarnpkg.com/supports-color/-/supports-color-1.2.0.tgz#ff1ed1e61169d06b3cf2d588e188b18d8847e17e"

tar-stream@^1.5.2:
  version "1.5.2"
  resolved "https://registry.yarnpkg.com/tar-stream/-/tar-stream-1.5.2.tgz#fbc6c6e83c1a19d4cb48c7d96171fc248effc7bf"
  dependencies:
    bl "^1.0.0"
    end-of-stream "^1.0.0"
    readable-stream "^2.0.0"
    xtend "^4.0.0"

through2@^2.0.0, through2@^2.0.3, through2@~2.0.0:
  version "2.0.3"
  resolved "https://registry.yarnpkg.com/through2/-/through2-2.0.3.tgz#0004569b37c7c74ba39c43f3ced78d1ad94140be"
  dependencies:
    readable-stream "^2.1.5"
    xtend "~4.0.1"

through2@~0.4.1:
  version "0.4.2"
  resolved "https://registry.yarnpkg.com/through2/-/through2-0.4.2.tgz#dbf5866031151ec8352bb6c4db64a2292a840b9b"
  dependencies:
    readable-stream "~1.0.17"
    xtend "~2.1.1"

to-arraybuffer@^1.0.0:
  version "1.0.1"
  resolved "https://registry.yarnpkg.com/to-arraybuffer/-/to-arraybuffer-1.0.1.tgz#7d229b1fcc637e466ca081180836a7aabff83f43"

to-iso-string@0.0.2:
  version "0.0.2"
  resolved "https://registry.yarnpkg.com/to-iso-string/-/to-iso-string-0.0.2.tgz#4dc19e664dfccbe25bd8db508b00c6da158255d1"

type-detect@0.1.1:
  version "0.1.1"
  resolved "https://registry.yarnpkg.com/type-detect/-/type-detect-0.1.1.tgz#0ba5ec2a885640e470ea4e8505971900dac58822"

type-detect@^1.0.0:
  version "1.0.0"
  resolved "https://registry.yarnpkg.com/type-detect/-/type-detect-1.0.0.tgz#762217cc06db258ec48908a1298e8b95121e8ea2"

typedarray@^0.0.6, typedarray@~0.0.5:
  version "0.0.6"
  resolved "https://registry.yarnpkg.com/typedarray/-/typedarray-0.0.6.tgz#867ac74e3864187b1d3d47d996a78ec5c8830777"

typescript@^2:
  version "2.1.4"
  resolved "https://registry.yarnpkg.com/typescript/-/typescript-2.1.4.tgz#b53b69fb841126acb1dd4b397d21daba87572251"

utf8@^2.1.1:
  version "2.1.2"
  resolved "https://registry.yarnpkg.com/utf8/-/utf8-2.1.2.tgz#1fa0d9270e9be850d9b05027f63519bf46457d96"

util-deprecate@~1.0.1:
  version "1.0.2"
  resolved "https://registry.yarnpkg.com/util-deprecate/-/util-deprecate-1.0.2.tgz#450d4dc9fa70de732762fbd2d4a28981419a0ccf"

varint@^4.0.1:
  version "4.0.1"
  resolved "https://registry.yarnpkg.com/varint/-/varint-4.0.1.tgz#490829b942d248463b2b35097995c3bf737198e9"

varint@^5.0.0, varint@~5.0.0:
  version "5.0.0"
  resolved "https://registry.yarnpkg.com/varint/-/varint-5.0.0.tgz#d826b89f7490732fabc0c0ed693ed475dcb29ebf"

vinyl@^0.5.3:
  version "0.5.3"
  resolved "https://registry.yarnpkg.com/vinyl/-/vinyl-0.5.3.tgz#b0455b38fc5e0cf30d4325132e461970c2091cde"
  dependencies:
    clone "^1.0.0"
    clone-stats "^0.0.1"
    replace-ext "0.0.1"

w3c-xmlhttprequest@2.1.2:
  version "2.1.2"
  resolved "https://registry.yarnpkg.com/w3c-xmlhttprequest/-/w3c-xmlhttprequest-2.1.2.tgz#f0bc8937562828e2c2b9b40366486a1351fe41a0"

web3@*:
  version "0.16.0"
  resolved "https://registry.yarnpkg.com/web3/-/web3-0.16.0.tgz#a4554175cd462943035b1f1d39432f741c6b6019"
  dependencies:
    bignumber.js "git+https://github.com/debris/bignumber.js#master"
    crypto-js "^3.1.4"
    utf8 "^2.1.1"
    xmlhttprequest "*"

webcrypto-core@^0:
  version "0.1.6"
  resolved "https://registry.yarnpkg.com/webcrypto-core/-/webcrypto-core-0.1.6.tgz#9134a32c788e822babcb18943bc0651c4f341d68"
  dependencies:
    "@types/node" "^6"
    typescript "^2"

"webcrypto-shim@github:dignifiedquire/webcrypto-shim#master":
  version "0.1.1"
  resolved "https://codeload.github.com/dignifiedquire/webcrypto-shim/tar.gz/90cbb1b09161c5a8b21cee3b08c78afef1f6cf54"

wordwrap@~0.0.2:
  version "0.0.3"
  resolved "https://registry.yarnpkg.com/wordwrap/-/wordwrap-0.0.3.tgz#a3d5da6cd5c0bc0008d37234bbaf1bed63059107"

wrappy@1:
  version "1.0.2"
  resolved "https://registry.yarnpkg.com/wrappy/-/wrappy-1.0.2.tgz#b5243d8f3ec1aa35f1364605bc0d1036e30ab69f"

xmlhttprequest@*:
  version "1.8.0"
  resolved "https://registry.yarnpkg.com/xmlhttprequest/-/xmlhttprequest-1.8.0.tgz#67fe075c5c24fef39f9d65f5f7b7fe75171968fc"

xtend@^4.0.0, xtend@^4.0.1, xtend@~4.0.1:
  version "4.0.1"
  resolved "https://registry.yarnpkg.com/xtend/-/xtend-4.0.1.tgz#a5c6d532be656e23db820efb943a1f04998d63af"

xtend@~2.1.1:
  version "2.1.2"
  resolved "https://registry.yarnpkg.com/xtend/-/xtend-2.1.2.tgz#6efecc2a4dad8e6962c4901b337ce7ba87b5d28b"
  dependencies:
    object-keys "~0.4.0"

yallist@^2.0.0:
  version "2.0.0"
  resolved "https://registry.yarnpkg.com/yallist/-/yallist-2.0.0.tgz#306c543835f09ee1a4cb23b7bce9ab341c91cdd4"
